// !$*UTF8*$!
{
	archiveVersion = 1;
	classes = {
	};
	objectVersion = 46;
	objects = {

/* Begin PBXBuildFile section */
		86A87FB14BAAE89AABF180F6 /* Pods_letsTweetAgain.framework in Frameworks */ = {isa = PBXBuildFile; fileRef = 135FDD3281631E25D4E63F92 /* Pods_letsTweetAgain.framework */; };
		90A31D331EA345520043986F /* AppDelegate.swift in Sources */ = {isa = PBXBuildFile; fileRef = 90A31D321EA345520043986F /* AppDelegate.swift */; };
		90A31D351EA345520043986F /* ViewController.swift in Sources */ = {isa = PBXBuildFile; fileRef = 90A31D341EA345520043986F /* ViewController.swift */; };
		90A31D381EA345520043986F /* Main.storyboard in Resources */ = {isa = PBXBuildFile; fileRef = 90A31D361EA345520043986F /* Main.storyboard */; };
		90A31D3A1EA345520043986F /* Assets.xcassets in Resources */ = {isa = PBXBuildFile; fileRef = 90A31D391EA345520043986F /* Assets.xcassets */; };
		90A31D3D1EA345520043986F /* LaunchScreen.storyboard in Resources */ = {isa = PBXBuildFile; fileRef = 90A31D3B1EA345520043986F /* LaunchScreen.storyboard */; };
		90A31D481EA349140043986F /* LoginViewController.swift in Sources */ = {isa = PBXBuildFile; fileRef = 90A31D471EA349140043986F /* LoginViewController.swift */; };
		90A31D4A1EA3EE600043986F /* User.swift in Sources */ = {isa = PBXBuildFile; fileRef = 90A31D491EA3EE600043986F /* User.swift */; };
		90A31D4C1EA3EE730043986F /* Tweet.swift in Sources */ = {isa = PBXBuildFile; fileRef = 90A31D4B1EA3EE730043986F /* Tweet.swift */; };
		90A31D4F1EA400270043986F /* TwitterClient.swift in Sources */ = {isa = PBXBuildFile; fileRef = 90A31D4E1EA400270043986F /* TwitterClient.swift */; };
		90A31D511EA42ACD0043986F /* TweetsViewController.swift in Sources */ = {isa = PBXBuildFile; fileRef = 90A31D501EA42ACD0043986F /* TweetsViewController.swift */; };
		90A31D531EA4398D0043986F /* TweetCell.swift in Sources */ = {isa = PBXBuildFile; fileRef = 90A31D521EA4398D0043986F /* TweetCell.swift */; };
		90A31D561EA46CFE0043986F /* TweetDetails.swift in Sources */ = {isa = PBXBuildFile; fileRef = 90A31D551EA46CFE0043986F /* TweetDetails.swift */; };
		90A31D581EA4914F0043986F /* CreateTweetViewController.swift in Sources */ = {isa = PBXBuildFile; fileRef = 90A31D571EA4914F0043986F /* CreateTweetViewController.swift */; };
		90EB480D1EADC5300096B91A /* HamMenuViewController.swift in Sources */ = {isa = PBXBuildFile; fileRef = 90EB480C1EADC5300096B91A /* HamMenuViewController.swift */; };
		90EB480F1EADC5CB0096B91A /* HamMenuNavController.swift in Sources */ = {isa = PBXBuildFile; fileRef = 90EB480E1EADC5CB0096B91A /* HamMenuNavController.swift */; };
		90EB48111EADC6D30096B91A /* AccountViewController.swift in Sources */ = {isa = PBXBuildFile; fileRef = 90EB48101EADC6D30096B91A /* AccountViewController.swift */; };
		90EB48131EADDA400096B91A /* MenuViewController.swift in Sources */ = {isa = PBXBuildFile; fileRef = 90EB48121EADDA400096B91A /* MenuViewController.swift */; };
		90EB48151EADDE730096B91A /* MenuCellTableViewCell.swift in Sources */ = {isa = PBXBuildFile; fileRef = 90EB48141EADDE730096B91A /* MenuCellTableViewCell.swift */; };
		90EB48171EADE6D50096B91A /* ProfileViewController.swift in Sources */ = {isa = PBXBuildFile; fileRef = 90EB48161EADE6D50096B91A /* ProfileViewController.swift */; };
		90EB48191EADEC620096B91A /* ProfileCell.swift in Sources */ = {isa = PBXBuildFile; fileRef = 90EB48181EADEC620096B91A /* ProfileCell.swift */; };
		90EB481C1EADF9520096B91A /* UserProfileCell.swift in Sources */ = {isa = PBXBuildFile; fileRef = 90EB481A1EADF9520096B91A /* UserProfileCell.swift */; };
		90EB481D1EADF9520096B91A /* UserProfileCell.xib in Resources */ = {isa = PBXBuildFile; fileRef = 90EB481B1EADF9520096B91A /* UserProfileCell.xib */; };
/* End PBXBuildFile section */

/* Begin PBXFileReference section */
		135FDD3281631E25D4E63F92 /* Pods_letsTweetAgain.framework */ = {isa = PBXFileReference; explicitFileType = wrapper.framework; includeInIndex = 0; path = Pods_letsTweetAgain.framework; sourceTree = BUILT_PRODUCTS_DIR; };
		79B4FCF34DF7D10A4CB92599 /* Pods-letsTweetAgain.release.xcconfig */ = {isa = PBXFileReference; includeInIndex = 1; lastKnownFileType = text.xcconfig; name = "Pods-letsTweetAgain.release.xcconfig"; path = "Pods/Target Support Files/Pods-letsTweetAgain/Pods-letsTweetAgain.release.xcconfig"; sourceTree = "<group>"; };
		90A31D2F1EA345520043986F /* letsTweetAgain.app */ = {isa = PBXFileReference; explicitFileType = wrapper.application; includeInIndex = 0; path = letsTweetAgain.app; sourceTree = BUILT_PRODUCTS_DIR; };
		90A31D321EA345520043986F /* AppDelegate.swift */ = {isa = PBXFileReference; lastKnownFileType = sourcecode.swift; path = AppDelegate.swift; sourceTree = "<group>"; };
		90A31D341EA345520043986F /* ViewController.swift */ = {isa = PBXFileReference; lastKnownFileType = sourcecode.swift; path = ViewController.swift; sourceTree = "<group>"; };
		90A31D371EA345520043986F /* Base */ = {isa = PBXFileReference; lastKnownFileType = file.storyboard; name = Base; path = Base.lproj/Main.storyboard; sourceTree = "<group>"; };
		90A31D391EA345520043986F /* Assets.xcassets */ = {isa = PBXFileReference; lastKnownFileType = folder.assetcatalog; path = Assets.xcassets; sourceTree = "<group>"; };
		90A31D3C1EA345520043986F /* Base */ = {isa = PBXFileReference; lastKnownFileType = file.storyboard; name = Base; path = Base.lproj/LaunchScreen.storyboard; sourceTree = "<group>"; };
		90A31D3E1EA345520043986F /* Info.plist */ = {isa = PBXFileReference; lastKnownFileType = text.plist.xml; path = Info.plist; sourceTree = "<group>"; };
		90A31D471EA349140043986F /* LoginViewController.swift */ = {isa = PBXFileReference; fileEncoding = 4; lastKnownFileType = sourcecode.swift; path = LoginViewController.swift; sourceTree = "<group>"; };
		90A31D491EA3EE600043986F /* User.swift */ = {isa = PBXFileReference; fileEncoding = 4; lastKnownFileType = sourcecode.swift; path = User.swift; sourceTree = "<group>"; };
		90A31D4B1EA3EE730043986F /* Tweet.swift */ = {isa = PBXFileReference; fileEncoding = 4; lastKnownFileType = sourcecode.swift; path = Tweet.swift; sourceTree = "<group>"; };
		90A31D4E1EA400270043986F /* TwitterClient.swift */ = {isa = PBXFileReference; fileEncoding = 4; lastKnownFileType = sourcecode.swift; path = TwitterClient.swift; sourceTree = "<group>"; };
		90A31D501EA42ACD0043986F /* TweetsViewController.swift */ = {isa = PBXFileReference; fileEncoding = 4; lastKnownFileType = sourcecode.swift; path = TweetsViewController.swift; sourceTree = "<group>"; };
		90A31D521EA4398D0043986F /* TweetCell.swift */ = {isa = PBXFileReference; fileEncoding = 4; lastKnownFileType = sourcecode.swift; path = TweetCell.swift; sourceTree = "<group>"; };
		90A31D551EA46CFE0043986F /* TweetDetails.swift */ = {isa = PBXFileReference; fileEncoding = 4; lastKnownFileType = sourcecode.swift; path = TweetDetails.swift; sourceTree = "<group>"; };
		90A31D571EA4914F0043986F /* CreateTweetViewController.swift */ = {isa = PBXFileReference; fileEncoding = 4; lastKnownFileType = sourcecode.swift; path = CreateTweetViewController.swift; sourceTree = "<group>"; };
		90EB480C1EADC5300096B91A /* HamMenuViewController.swift */ = {isa = PBXFileReference; fileEncoding = 4; lastKnownFileType = sourcecode.swift; path = HamMenuViewController.swift; sourceTree = "<group>"; };
		90EB480E1EADC5CB0096B91A /* HamMenuNavController.swift */ = {isa = PBXFileReference; fileEncoding = 4; lastKnownFileType = sourcecode.swift; path = HamMenuNavController.swift; sourceTree = "<group>"; };
		90EB48101EADC6D30096B91A /* AccountViewController.swift */ = {isa = PBXFileReference; fileEncoding = 4; lastKnownFileType = sourcecode.swift; path = AccountViewController.swift; sourceTree = "<group>"; };
		90EB48121EADDA400096B91A /* MenuViewController.swift */ = {isa = PBXFileReference; fileEncoding = 4; lastKnownFileType = sourcecode.swift; path = MenuViewController.swift; sourceTree = "<group>"; };
		90EB48141EADDE730096B91A /* MenuCellTableViewCell.swift */ = {isa = PBXFileReference; fileEncoding = 4; lastKnownFileType = sourcecode.swift; path = MenuCellTableViewCell.swift; sourceTree = "<group>"; };
		90EB48161EADE6D50096B91A /* ProfileViewController.swift */ = {isa = PBXFileReference; fileEncoding = 4; lastKnownFileType = sourcecode.swift; path = ProfileViewController.swift; sourceTree = "<group>"; };
		90EB48181EADEC620096B91A /* ProfileCell.swift */ = {isa = PBXFileReference; fileEncoding = 4; lastKnownFileType = sourcecode.swift; path = ProfileCell.swift; sourceTree = "<group>"; };
		90EB481A1EADF9520096B91A /* UserProfileCell.swift */ = {isa = PBXFileReference; fileEncoding = 4; lastKnownFileType = sourcecode.swift; path = UserProfileCell.swift; sourceTree = "<group>"; };
		90EB481B1EADF9520096B91A /* UserProfileCell.xib */ = {isa = PBXFileReference; fileEncoding = 4; lastKnownFileType = file.xib; path = UserProfileCell.xib; sourceTree = "<group>"; };
		CA8FC54C8A7A48E12817D469 /* Pods-letsTweetAgain.debug.xcconfig */ = {isa = PBXFileReference; includeInIndex = 1; lastKnownFileType = text.xcconfig; name = "Pods-letsTweetAgain.debug.xcconfig"; path = "Pods/Target Support Files/Pods-letsTweetAgain/Pods-letsTweetAgain.debug.xcconfig"; sourceTree = "<group>"; };
/* End PBXFileReference section */

/* Begin PBXFrameworksBuildPhase section */
		90A31D2C1EA345520043986F /* Frameworks */ = {
			isa = PBXFrameworksBuildPhase;
			buildActionMask = 2147483647;
			files = (
				86A87FB14BAAE89AABF180F6 /* Pods_letsTweetAgain.framework in Frameworks */,
			);
			runOnlyForDeploymentPostprocessing = 0;
		};
/* End PBXFrameworksBuildPhase section */

/* Begin PBXGroup section */
		65F3315CA7F32A5DF6492E2E /* Pods */ = {
			isa = PBXGroup;
			children = (
				CA8FC54C8A7A48E12817D469 /* Pods-letsTweetAgain.debug.xcconfig */,
				79B4FCF34DF7D10A4CB92599 /* Pods-letsTweetAgain.release.xcconfig */,
			);
			name = Pods;
			sourceTree = "<group>";
		};
		90A31D261EA345520043986F = {
			isa = PBXGroup;
			children = (
				90A31D311EA345520043986F /* letsTweetAgain */,
				90A31D301EA345520043986F /* Products */,
				65F3315CA7F32A5DF6492E2E /* Pods */,
				9CC35A9F622C6B5193E8A644 /* Frameworks */,
			);
			sourceTree = "<group>";
		};
		90A31D301EA345520043986F /* Products */ = {
			isa = PBXGroup;
			children = (
				90A31D2F1EA345520043986F /* letsTweetAgain.app */,
			);
			name = Products;
			sourceTree = "<group>";
		};
		90A31D311EA345520043986F /* letsTweetAgain */ = {
			isa = PBXGroup;
			children = (
				90A31D541EA43B760043986F /* views */,
				90A31D4D1EA3FFF20043986F /* API */,
				90A31D461EA348DE0043986F /* viewModel */,
				90A31D451EA348D60043986F /* model */,
				90A31D441EA348C80043986F /* viewController */,
				90A31D321EA345520043986F /* AppDelegate.swift */,
				90A31D341EA345520043986F /* ViewController.swift */,
				90A31D361EA345520043986F /* Main.storyboard */,
				90A31D391EA345520043986F /* Assets.xcassets */,
				90A31D3B1EA345520043986F /* LaunchScreen.storyboard */,
				90A31D3E1EA345520043986F /* Info.plist */,
			);
			path = letsTweetAgain;
			sourceTree = "<group>";
		};
		90A31D441EA348C80043986F /* viewController */ = {
			isa = PBXGroup;
			children = (
				90A31D471EA349140043986F /* LoginViewController.swift */,
				90A31D501EA42ACD0043986F /* TweetsViewController.swift */,
				90A31D551EA46CFE0043986F /* TweetDetails.swift */,
				90A31D571EA4914F0043986F /* CreateTweetViewController.swift */,
				90EB480C1EADC5300096B91A /* HamMenuViewController.swift */,
				90EB480E1EADC5CB0096B91A /* HamMenuNavController.swift */,
				90EB48101EADC6D30096B91A /* AccountViewController.swift */,
				90EB48121EADDA400096B91A /* MenuViewController.swift */,
				90EB48161EADE6D50096B91A /* ProfileViewController.swift */,
			);
			name = viewController;
			sourceTree = "<group>";
		};
		90A31D451EA348D60043986F /* model */ = {
			isa = PBXGroup;
			children = (
				90A31D491EA3EE600043986F /* User.swift */,
				90A31D4B1EA3EE730043986F /* Tweet.swift */,
			);
			name = model;
			sourceTree = "<group>";
		};
		90A31D461EA348DE0043986F /* viewModel */ = {
			isa = PBXGroup;
			children = (
			);
			name = viewModel;
			sourceTree = "<group>";
		};
		90A31D4D1EA3FFF20043986F /* API */ = {
			isa = PBXGroup;
			children = (
				90A31D4E1EA400270043986F /* TwitterClient.swift */,
			);
			name = API;
			sourceTree = "<group>";
		};
		90A31D541EA43B760043986F /* views */ = {
			isa = PBXGroup;
			children = (
				90A31D521EA4398D0043986F /* TweetCell.swift */,
				90EB48141EADDE730096B91A /* MenuCellTableViewCell.swift */,
				90EB48181EADEC620096B91A /* ProfileCell.swift */,
				90EB481A1EADF9520096B91A /* UserProfileCell.swift */,
				90EB481B1EADF9520096B91A /* UserProfileCell.xib */,
			);
			name = views;
			sourceTree = "<group>";
		};
		9CC35A9F622C6B5193E8A644 /* Frameworks */ = {
			isa = PBXGroup;
			children = (
				135FDD3281631E25D4E63F92 /* Pods_letsTweetAgain.framework */,
			);
			name = Frameworks;
			sourceTree = "<group>";
		};
/* End PBXGroup section */

/* Begin PBXNativeTarget section */
		90A31D2E1EA345520043986F /* letsTweetAgain */ = {
			isa = PBXNativeTarget;
			buildConfigurationList = 90A31D411EA345520043986F /* Build configuration list for PBXNativeTarget "letsTweetAgain" */;
			buildPhases = (
				45BB801FEF483F62A68C3E6C /* [CP] Check Pods Manifest.lock */,
				90A31D2B1EA345520043986F /* Sources */,
				90A31D2C1EA345520043986F /* Frameworks */,
				90A31D2D1EA345520043986F /* Resources */,
				DBE43C871912F2D1B27DB47A /* [CP] Embed Pods Frameworks */,
				AC7A38FFCEF62D73600D7122 /* [CP] Copy Pods Resources */,
			);
			buildRules = (
			);
			dependencies = (
			);
			name = letsTweetAgain;
			productName = letsTweetAgain;
			productReference = 90A31D2F1EA345520043986F /* letsTweetAgain.app */;
			productType = "com.apple.product-type.application";
		};
/* End PBXNativeTarget section */

/* Begin PBXProject section */
		90A31D271EA345520043986F /* Project object */ = {
			isa = PBXProject;
			attributes = {
				LastSwiftUpdateCheck = 0830;
				LastUpgradeCheck = 0830;
				ORGANIZATIONNAME = "Bhalla, Kapil";
				TargetAttributes = {
					90A31D2E1EA345520043986F = {
						CreatedOnToolsVersion = 8.3.1;
						ProvisioningStyle = Automatic;
					};
				};
			};
			buildConfigurationList = 90A31D2A1EA345520043986F /* Build configuration list for PBXProject "letsTweetAgain" */;
			compatibilityVersion = "Xcode 3.2";
			developmentRegion = English;
			hasScannedForEncodings = 0;
			knownRegions = (
				en,
				Base,
			);
			mainGroup = 90A31D261EA345520043986F;
			productRefGroup = 90A31D301EA345520043986F /* Products */;
			projectDirPath = "";
			projectRoot = "";
			targets = (
				90A31D2E1EA345520043986F /* letsTweetAgain */,
			);
		};
/* End PBXProject section */

/* Begin PBXResourcesBuildPhase section */
		90A31D2D1EA345520043986F /* Resources */ = {
			isa = PBXResourcesBuildPhase;
			buildActionMask = 2147483647;
			files = (
				90EB481D1EADF9520096B91A /* UserProfileCell.xib in Resources */,
				90A31D3D1EA345520043986F /* LaunchScreen.storyboard in Resources */,
				90A31D3A1EA345520043986F /* Assets.xcassets in Resources */,
				90A31D381EA345520043986F /* Main.storyboard in Resources */,
			);
			runOnlyForDeploymentPostprocessing = 0;
		};
/* End PBXResourcesBuildPhase section */

/* Begin PBXShellScriptBuildPhase section */
		45BB801FEF483F62A68C3E6C /* [CP] Check Pods Manifest.lock */ = {
			isa = PBXShellScriptBuildPhase;
			buildActionMask = 2147483647;
			files = (
			);
			inputPaths = (
			);
			name = "[CP] Check Pods Manifest.lock";
			outputPaths = (
			);
			runOnlyForDeploymentPostprocessing = 0;
			shellPath = /bin/sh;
			shellScript = "diff \"${PODS_ROOT}/../Podfile.lock\" \"${PODS_ROOT}/Manifest.lock\" > /dev/null\nif [ $? != 0 ] ; then\n    # print error to STDERR\n    echo \"error: The sandbox is not in sync with the Podfile.lock. Run 'pod install' or update your CocoaPods installation.\" >&2\n    exit 1\nfi\n";
			showEnvVarsInLog = 0;
		};
		AC7A38FFCEF62D73600D7122 /* [CP] Copy Pods Resources */ = {
			isa = PBXShellScriptBuildPhase;
			buildActionMask = 2147483647;
			files = (
			);
			inputPaths = (
			);
			name = "[CP] Copy Pods Resources";
			outputPaths = (
			);
			runOnlyForDeploymentPostprocessing = 0;
			shellPath = /bin/sh;
			shellScript = "\"${SRCROOT}/Pods/Target Support Files/Pods-letsTweetAgain/Pods-letsTweetAgain-resources.sh\"\n";
			showEnvVarsInLog = 0;
		};
		DBE43C871912F2D1B27DB47A /* [CP] Embed Pods Frameworks */ = {
			isa = PBXShellScriptBuildPhase;
			buildActionMask = 2147483647;
			files = (
			);
			inputPaths = (
			);
			name = "[CP] Embed Pods Frameworks";
			outputPaths = (
			);
			runOnlyForDeploymentPostprocessing = 0;
			shellPath = /bin/sh;
			shellScript = "\"${SRCROOT}/Pods/Target Support Files/Pods-letsTweetAgain/Pods-letsTweetAgain-frameworks.sh\"\n";
			showEnvVarsInLog = 0;
		};
/* End PBXShellScriptBuildPhase section */

/* Begin PBXSourcesBuildPhase section */
		90A31D2B1EA345520043986F /* Sources */ = {
			isa = PBXSourcesBuildPhase;
			buildActionMask = 2147483647;
			files = (
				90EB48191EADEC620096B91A /* ProfileCell.swift in Sources */,
				90A31D4A1EA3EE600043986F /* User.swift in Sources */,
				90EB48151EADDE730096B91A /* MenuCellTableViewCell.swift in Sources */,
				90A31D4C1EA3EE730043986F /* Tweet.swift in Sources */,
				90EB48111EADC6D30096B91A /* AccountViewController.swift in Sources */,
				90EB48131EADDA400096B91A /* MenuViewController.swift in Sources */,
				90EB480D1EADC5300096B91A /* HamMenuViewController.swift in Sources */,
				90EB48171EADE6D50096B91A /* ProfileViewController.swift in Sources */,
				90A31D481EA349140043986F /* LoginViewController.swift in Sources */,
				90A31D561EA46CFE0043986F /* TweetDetails.swift in Sources */,
				90EB480F1EADC5CB0096B91A /* HamMenuNavController.swift in Sources */,
				90A31D531EA4398D0043986F /* TweetCell.swift in Sources */,
				90A31D351EA345520043986F /* ViewController.swift in Sources */,
				90A31D581EA4914F0043986F /* CreateTweetViewController.swift in Sources */,
				90A31D511EA42ACD0043986F /* TweetsViewController.swift in Sources */,
				90A31D4F1EA400270043986F /* TwitterClient.swift in Sources */,
				90EB481C1EADF9520096B91A /* UserProfileCell.swift in Sources */,
				90A31D331EA345520043986F /* AppDelegate.swift in Sources */,
			);
			runOnlyForDeploymentPostprocessing = 0;
		};
/* End PBXSourcesBuildPhase section */

/* Begin PBXVariantGroup section */
		90A31D361EA345520043986F /* Main.storyboard */ = {
			isa = PBXVariantGroup;
			children = (
				90A31D371EA345520043986F /* Base */,
			);
			name = Main.storyboard;
			sourceTree = "<group>";
		};
		90A31D3B1EA345520043986F /* LaunchScreen.storyboard */ = {
			isa = PBXVariantGroup;
			children = (
				90A31D3C1EA345520043986F /* Base */,
			);
			name = LaunchScreen.storyboard;
			sourceTree = "<group>";
		};
/* End PBXVariantGroup section */

/* Begin XCBuildConfiguration section */
		90A31D3F1EA345520043986F /* Debug */ = {
			isa = XCBuildConfiguration;
			buildSettings = {
				ALWAYS_SEARCH_USER_PATHS = NO;
				CLANG_ANALYZER_NONNULL = YES;
				CLANG_ANALYZER_NUMBER_OBJECT_CONVERSION = YES_AGGRESSIVE;
				CLANG_CXX_LANGUAGE_STANDARD = "gnu++0x";
				CLANG_CXX_LIBRARY = "libc++";
				CLANG_ENABLE_MODULES = YES;
				CLANG_ENABLE_OBJC_ARC = YES;
				CLANG_WARN_BOOL_CONVERSION = YES;
				CLANG_WARN_CONSTANT_CONVERSION = YES;
				CLANG_WARN_DIRECT_OBJC_ISA_USAGE = YES_ERROR;
				CLANG_WARN_DOCUMENTATION_COMMENTS = YES;
				CLANG_WARN_EMPTY_BODY = YES;
				CLANG_WARN_ENUM_CONVERSION = YES;
				CLANG_WARN_INFINITE_RECURSION = YES;
				CLANG_WARN_INT_CONVERSION = YES;
				CLANG_WARN_OBJC_ROOT_CLASS = YES_ERROR;
				CLANG_WARN_SUSPICIOUS_MOVE = YES;
				CLANG_WARN_UNREACHABLE_CODE = YES;
				CLANG_WARN__DUPLICATE_METHOD_MATCH = YES;
				"CODE_SIGN_IDENTITY[sdk=iphoneos*]" = "iPhone Developer";
				COPY_PHASE_STRIP = NO;
				DEBUG_INFORMATION_FORMAT = dwarf;
				ENABLE_STRICT_OBJC_MSGSEND = YES;
				ENABLE_TESTABILITY = YES;
				GCC_C_LANGUAGE_STANDARD = gnu99;
				GCC_DYNAMIC_NO_PIC = NO;
				GCC_NO_COMMON_BLOCKS = YES;
				GCC_OPTIMIZATION_LEVEL = 0;
				GCC_PREPROCESSOR_DEFINITIONS = (
					"DEBUG=1",
					"$(inherited)",
				);
				GCC_WARN_64_TO_32_BIT_CONVERSION = YES;
				GCC_WARN_ABOUT_RETURN_TYPE = YES_ERROR;
				GCC_WARN_UNDECLARED_SELECTOR = YES;
				GCC_WARN_UNINITIALIZED_AUTOS = YES_AGGRESSIVE;
				GCC_WARN_UNUSED_FUNCTION = YES;
				GCC_WARN_UNUSED_VARIABLE = YES;
				IPHONEOS_DEPLOYMENT_TARGET = 10.3;
				MTL_ENABLE_DEBUG_INFO = YES;
				ONLY_ACTIVE_ARCH = YES;
				SDKROOT = iphoneos;
				SWIFT_ACTIVE_COMPILATION_CONDITIONS = DEBUG;
				SWIFT_OPTIMIZATION_LEVEL = "-Onone";
			};
			name = Debug;
		};
		90A31D401EA345520043986F /* Release */ = {
			isa = XCBuildConfiguration;
			buildSettings = {
				ALWAYS_SEARCH_USER_PATHS = NO;
				CLANG_ANALYZER_NONNULL = YES;
				CLANG_ANALYZER_NUMBER_OBJECT_CONVERSION = YES_AGGRESSIVE;
				CLANG_CXX_LANGUAGE_STANDARD = "gnu++0x";
				CLANG_CXX_LIBRARY = "libc++";
				CLANG_ENABLE_MODULES = YES;
				CLANG_ENABLE_OBJC_ARC = YES;
				CLANG_WARN_BOOL_CONVERSION = YES;
				CLANG_WARN_CONSTANT_CONVERSION = YES;
				CLANG_WARN_DIRECT_OBJC_ISA_USAGE = YES_ERROR;
				CLANG_WARN_DOCUMENTATION_COMMENTS = YES;
				CLANG_WARN_EMPTY_BODY = YES;
				CLANG_WARN_ENUM_CONVERSION = YES;
				CLANG_WARN_INFINITE_RECURSION = YES;
				CLANG_WARN_INT_CONVERSION = YES;
				CLANG_WARN_OBJC_ROOT_CLASS = YES_ERROR;
				CLANG_WARN_SUSPICIOUS_MOVE = YES;
				CLANG_WARN_UNREACHABLE_CODE = YES;
				CLANG_WARN__DUPLICATE_METHOD_MATCH = YES;
				"CODE_SIGN_IDENTITY[sdk=iphoneos*]" = "iPhone Developer";
				COPY_PHASE_STRIP = NO;
				DEBUG_INFORMATION_FORMAT = "dwarf-with-dsym";
				ENABLE_NS_ASSERTIONS = NO;
				ENABLE_STRICT_OBJC_MSGSEND = YES;
				GCC_C_LANGUAGE_STANDARD = gnu99;
				GCC_NO_COMMON_BLOCKS = YES;
				GCC_WARN_64_TO_32_BIT_CONVERSION = YES;
				GCC_WARN_ABOUT_RETURN_TYPE = YES_ERROR;
				GCC_WARN_UNDECLARED_SELECTOR = YES;
				GCC_WARN_UNINITIALIZED_AUTOS = YES_AGGRESSIVE;
				GCC_WARN_UNUSED_FUNCTION = YES;
				GCC_WARN_UNUSED_VARIABLE = YES;
				IPHONEOS_DEPLOYMENT_TARGET = 10.3;
				MTL_ENABLE_DEBUG_INFO = NO;
				SDKROOT = iphoneos;
				SWIFT_OPTIMIZATION_LEVEL = "-Owholemodule";
				VALIDATE_PRODUCT = YES;
			};
			name = Release;
		};
		90A31D421EA345520043986F /* Debug */ = {
			isa = XCBuildConfiguration;
			baseConfigurationReference = CA8FC54C8A7A48E12817D469 /* Pods-letsTweetAgain.debug.xcconfig */;
			buildSettings = {
				ASSETCATALOG_COMPILER_APPICON_NAME = AppIcon;
				INFOPLIST_FILE = letsTweetAgain/Info.plist;
				LD_RUNPATH_SEARCH_PATHS = "$(inherited) @executable_path/Frameworks";
				PRODUCT_BUNDLE_IDENTIFIER = com.engineer.kapil.letsTweetAgain;
				PRODUCT_NAME = "$(TARGET_NAME)";
				SWIFT_VERSION = 3.0;
			};
			name = Debug;
		};
		90A31D431EA345520043986F /* Release */ = {
			isa = XCBuildConfiguration;
			baseConfigurationReference = 79B4FCF34DF7D10A4CB92599 /* Pods-letsTweetAgain.release.xcconfig */;
			buildSettings = {
				ASSETCATALOG_COMPILER_APPICON_NAME = AppIcon;
				INFOPLIST_FILE = letsTweetAgain/Info.plist;
				LD_RUNPATH_SEARCH_PATHS = "$(inherited) @executable_path/Frameworks";
				PRODUCT_BUNDLE_IDENTIFIER = com.engineer.kapil.letsTweetAgain;
				PRODUCT_NAME = "$(TARGET_NAME)";
				SWIFT_VERSION = 3.0;
			};
			name = Release;
		};
/* End XCBuildConfiguration section */

/* Begin XCConfigurationList section */
		90A31D2A1EA345520043986F /* Build configuration list for PBXProject "letsTweetAgain" */ = {
			isa = XCConfigurationList;
			buildConfigurations = (
				90A31D3F1EA345520043986F /* Debug */,
				90A31D401EA345520043986F /* Release */,
			);
			defaultConfigurationIsVisible = 0;
			defaultConfigurationName = Release;
		};
		90A31D411EA345520043986F /* Build configuration list for PBXNativeTarget "letsTweetAgain" */ = {
			isa = XCConfigurationList;
			buildConfigurations = (
				90A31D421EA345520043986F /* Debug */,
				90A31D431EA345520043986F /* Release */,
			);
			defaultConfigurationIsVisible = 0;
			defaultConfigurationName = Release;
		};
/* End XCConfigurationList section */
	};
	rootObject = 90A31D271EA345520043986F /* Project object */;
}
